
Microsoft Visual Studio Solution File, Format Version 12.00
# Visual Studio 15
VisualStudioVersion = 15.0.28010.2016
MinimumVisualStudioVersion = 10.0.40219.1
Project("{FAE04EC0-301F-11D3-BF4B-00C04F79EFBC}") = "AnhVIet", "AnhVIet\AnhVIet.csproj", "{5F9BDC0F-5078-4475-B313-6DAE614CF288}"
EndProject
Global
	GlobalSection(SolutionConfigurationPlatforms) = preSolution
		Debug|Any CPU = Debug|Any CPU
		Release|Any CPU = Release|Any CPU
	EndGlobalSection
	GlobalSection(ProjectConfigurationPlatforms) = postSolution
		{5F9BDC0F-5078-4475-B313-6DAE614CF288}.Debug|Any CPU.ActiveCfg = Debug|Any CPU
		{5F9BDC0F-5078-4475-B313-6DAE614CF288}.Debug|Any CPU.Build.0 = Debug|Any CPU
		{5F9BDC0F-5078-4475-B313-6DAE614CF288}.Release|Any CPU.ActiveCfg = Release|Any CPU
		{5F9BDC0F-5078-4475-B313-6DAE614CF288}.Release|Any CPU.Build.0 = Release|Any CPU
	EndGlobalSection
	GlobalSection(SolutionProperties) = preSolution
		HideSolutionNode = FALSE
	EndGlobalSection
	GlobalSection(ExtensibilityGlobals) = postSolution
		SolutionGuid = {1C23AF25-B9AE-493B-915E-A0B50644E4C3}
	EndGlobalSection
EndGlobal
